// !$*UTF8*$!
{
	archiveVersion = 1;
	classes = {
	};
	objectVersion = 50;
	objects = {

/* Begin PBXBuildFile section */
		55BDC4C626B3998000F9E969 /* LandmarksApp.swift in Sources */ = {isa = PBXBuildFile; fileRef = 55BDC4C526B3998000F9E969 /* LandmarksApp.swift */; };
		55BDC4C826B3998000F9E969 /* ContentView.swift in Sources */ = {isa = PBXBuildFile; fileRef = 55BDC4C726B3998000F9E969 /* ContentView.swift */; };
		55BDC4CA26B3998500F9E969 /* Assets.xcassets in Resources */ = {isa = PBXBuildFile; fileRef = 55BDC4C926B3998500F9E969 /* Assets.xcassets */; };
		55BDC4CD26B3998500F9E969 /* Preview Assets.xcassets in Resources */ = {isa = PBXBuildFile; fileRef = 55BDC4CC26B3998500F9E969 /* Preview Assets.xcassets */; };
		55BDC4D826B3998600F9E969 /* LandmarksTests.swift in Sources */ = {isa = PBXBuildFile; fileRef = 55BDC4D726B3998600F9E969 /* LandmarksTests.swift */; };
		55BDC4E326B3998600F9E969 /* LandmarksUITests.swift in Sources */ = {isa = PBXBuildFile; fileRef = 55BDC4E226B3998600F9E969 /* LandmarksUITests.swift */; };
		55BDC4F126B39D2000F9E969 /* CircleImage.swift in Sources */ = {isa = PBXBuildFile; fileRef = 55BDC4F026B39D2000F9E969 /* CircleImage.swift */; };
		55BDC4F326B39DF600F9E969 /* MapView.swift in Sources */ = {isa = PBXBuildFile; fileRef = 55BDC4F226B39DF600F9E969 /* MapView.swift */; };
		55BDC4F526B3A55000F9E969 /* landmarkData.json in Resources */ = {isa = PBXBuildFile; fileRef = 55BDC4F426B3A55000F9E969 /* landmarkData.json */; };
		55BDC4F726B3A5A300F9E969 /* Landmark.swift in Sources */ = {isa = PBXBuildFile; fileRef = 55BDC4F626B3A5A300F9E969 /* Landmark.swift */; };
		55BDC4F926B3A7D200F9E969 /* ModelData.swift in Sources */ = {isa = PBXBuildFile; fileRef = 55BDC4F826B3A7D200F9E969 /* ModelData.swift */; };
		55BDC4FE26B3AFE300F9E969 /* LandmarkRow.swift in Sources */ = {isa = PBXBuildFile; fileRef = 55BDC4FD26B3AFE300F9E969 /* LandmarkRow.swift */; };
		55BDC50026B3B1B200F9E969 /* LandmarkList.swift in Sources */ = {isa = PBXBuildFile; fileRef = 55BDC4FF26B3B1B200F9E969 /* LandmarkList.swift */; };
		55BDC50426B3B39300F9E969 /* LandmarkDetail.swift in Sources */ = {isa = PBXBuildFile; fileRef = 55BDC50326B3B39300F9E969 /* LandmarkDetail.swift */; };
		55BDC50626BB71A300F9E969 /* FavoriteButton.swift in Sources */ = {isa = PBXBuildFile; fileRef = 55BDC50526BB71A300F9E969 /* FavoriteButton.swift */; };
/* End PBXBuildFile section */

/* Begin PBXContainerItemProxy section */
		55BDC4D426B3998600F9E969 /* PBXContainerItemProxy */ = {
			isa = PBXContainerItemProxy;
			containerPortal = 55BDC4BA26B3998000F9E969 /* Project object */;
			proxyType = 1;
			remoteGlobalIDString = 55BDC4C126B3998000F9E969;
			remoteInfo = Landmarks;
		};
		55BDC4DF26B3998600F9E969 /* PBXContainerItemProxy */ = {
			isa = PBXContainerItemProxy;
			containerPortal = 55BDC4BA26B3998000F9E969 /* Project object */;
			proxyType = 1;
			remoteGlobalIDString = 55BDC4C126B3998000F9E969;
			remoteInfo = Landmarks;
		};
/* End PBXContainerItemProxy section */

/* Begin PBXFileReference section */
		55BDC4C226B3998000F9E969 /* Landmarks.app */ = {isa = PBXFileReference; explicitFileType = wrapper.application; includeInIndex = 0; path = Landmarks.app; sourceTree = BUILT_PRODUCTS_DIR; };
		55BDC4C526B3998000F9E969 /* LandmarksApp.swift */ = {isa = PBXFileReference; lastKnownFileType = sourcecode.swift; path = LandmarksApp.swift; sourceTree = "<group>"; };
		55BDC4C726B3998000F9E969 /* ContentView.swift */ = {isa = PBXFileReference; lastKnownFileType = sourcecode.swift; path = ContentView.swift; sourceTree = "<group>"; };
		55BDC4C926B3998500F9E969 /* Assets.xcassets */ = {isa = PBXFileReference; lastKnownFileType = folder.assetcatalog; path = Assets.xcassets; sourceTree = "<group>"; };
		55BDC4CC26B3998500F9E969 /* Preview Assets.xcassets */ = {isa = PBXFileReference; lastKnownFileType = folder.assetcatalog; path = "Preview Assets.xcassets"; sourceTree = "<group>"; };
		55BDC4CE26B3998500F9E969 /* Info.plist */ = {isa = PBXFileReference; lastKnownFileType = text.plist.xml; path = Info.plist; sourceTree = "<group>"; };
		55BDC4D326B3998600F9E969 /* LandmarksTests.xctest */ = {isa = PBXFileReference; explicitFileType = wrapper.cfbundle; includeInIndex = 0; path = LandmarksTests.xctest; sourceTree = BUILT_PRODUCTS_DIR; };
		55BDC4D726B3998600F9E969 /* LandmarksTests.swift */ = {isa = PBXFileReference; lastKnownFileType = sourcecode.swift; path = LandmarksTests.swift; sourceTree = "<group>"; };
		55BDC4D926B3998600F9E969 /* Info.plist */ = {isa = PBXFileReference; lastKnownFileType = text.plist.xml; path = Info.plist; sourceTree = "<group>"; };
		55BDC4DE26B3998600F9E969 /* LandmarksUITests.xctest */ = {isa = PBXFileReference; explicitFileType = wrapper.cfbundle; includeInIndex = 0; path = LandmarksUITests.xctest; sourceTree = BUILT_PRODUCTS_DIR; };
		55BDC4E226B3998600F9E969 /* LandmarksUITests.swift */ = {isa = PBXFileReference; lastKnownFileType = sourcecode.swift; path = LandmarksUITests.swift; sourceTree = "<group>"; };
		55BDC4E426B3998600F9E969 /* Info.plist */ = {isa = PBXFileReference; lastKnownFileType = text.plist.xml; path = Info.plist; sourceTree = "<group>"; };
		55BDC4F026B39D2000F9E969 /* CircleImage.swift */ = {isa = PBXFileReference; lastKnownFileType = sourcecode.swift; path = CircleImage.swift; sourceTree = "<group>"; };
		55BDC4F226B39DF600F9E969 /* MapView.swift */ = {isa = PBXFileReference; lastKnownFileType = sourcecode.swift; path = MapView.swift; sourceTree = "<group>"; };
		55BDC4F426B3A55000F9E969 /* landmarkData.json */ = {isa = PBXFileReference; fileEncoding = 4; lastKnownFileType = text.json; path = landmarkData.json; sourceTree = "<group>"; };
		55BDC4F626B3A5A300F9E969 /* Landmark.swift */ = {isa = PBXFileReference; lastKnownFileType = sourcecode.swift; path = Landmark.swift; sourceTree = "<group>"; };
		55BDC4F826B3A7D200F9E969 /* ModelData.swift */ = {isa = PBXFileReference; lastKnownFileType = sourcecode.swift; path = ModelData.swift; sourceTree = "<group>"; };
		55BDC4FD26B3AFE300F9E969 /* LandmarkRow.swift */ = {isa = PBXFileReference; lastKnownFileType = sourcecode.swift; path = LandmarkRow.swift; sourceTree = "<group>"; };
		55BDC4FF26B3B1B200F9E969 /* LandmarkList.swift */ = {isa = PBXFileReference; lastKnownFileType = sourcecode.swift; path = LandmarkList.swift; sourceTree = "<group>"; };
		55BDC50326B3B39300F9E969 /* LandmarkDetail.swift */ = {isa = PBXFileReference; lastKnownFileType = sourcecode.swift; path = LandmarkDetail.swift; sourceTree = "<group>"; };
		55BDC50526BB71A300F9E969 /* FavoriteButton.swift */ = {isa = PBXFileReference; lastKnownFileType = sourcecode.swift; path = FavoriteButton.swift; sourceTree = "<group>"; };
/* End PBXFileReference section */

/* Begin PBXFrameworksBuildPhase section */
		55BDC4BF26B3998000F9E969 /* Frameworks */ = {
			isa = PBXFrameworksBuildPhase;
			buildActionMask = 2147483647;
			files = (
			);
			runOnlyForDeploymentPostprocessing = 0;
		};
		55BDC4D026B3998600F9E969 /* Frameworks */ = {
			isa = PBXFrameworksBuildPhase;
			buildActionMask = 2147483647;
			files = (
			);
			runOnlyForDeploymentPostprocessing = 0;
		};
		55BDC4DB26B3998600F9E969 /* Frameworks */ = {
			isa = PBXFrameworksBuildPhase;
			buildActionMask = 2147483647;
			files = (
			);
			runOnlyForDeploymentPostprocessing = 0;
		};
/* End PBXFrameworksBuildPhase section */

/* Begin PBXGroup section */
		55BDC4B926B3998000F9E969 = {
			isa = PBXGroup;
			children = (
				55BDC4C426B3998000F9E969 /* Landmarks */,
				55BDC4D626B3998600F9E969 /* LandmarksTests */,
				55BDC4E126B3998600F9E969 /* LandmarksUITests */,
				55BDC4C326B3998000F9E969 /* Products */,
			);
			sourceTree = "<group>";
		};
		55BDC4C326B3998000F9E969 /* Products */ = {
			isa = PBXGroup;
			children = (
				55BDC4C226B3998000F9E969 /* Landmarks.app */,
				55BDC4D326B3998600F9E969 /* LandmarksTests.xctest */,
				55BDC4DE26B3998600F9E969 /* LandmarksUITests.xctest */,
			);
			name = Products;
			sourceTree = "<group>";
		};
		55BDC4C426B3998000F9E969 /* Landmarks */ = {
			isa = PBXGroup;
			children = (
				55BDC4C526B3998000F9E969 /* LandmarksApp.swift */,
				55BDC4FC26B3AFA000F9E969 /* Resources */,
				55BDC4FB26B3AF6B00F9E969 /* Model */,
				55BDC4FA26B3AF2200F9E969 /* Views */,
				55BDC4C926B3998500F9E969 /* Assets.xcassets */,
				55BDC4CE26B3998500F9E969 /* Info.plist */,
				55BDC4CB26B3998500F9E969 /* Preview Content */,
			);
			path = Landmarks;
			sourceTree = "<group>";
		};
		55BDC4CB26B3998500F9E969 /* Preview Content */ = {
			isa = PBXGroup;
			children = (
				55BDC4CC26B3998500F9E969 /* Preview Assets.xcassets */,
			);
			path = "Preview Content";
			sourceTree = "<group>";
		};
		55BDC4D626B3998600F9E969 /* LandmarksTests */ = {
			isa = PBXGroup;
			children = (
				55BDC4D726B3998600F9E969 /* LandmarksTests.swift */,
				55BDC4D926B3998600F9E969 /* Info.plist */,
			);
			path = LandmarksTests;
			sourceTree = "<group>";
		};
		55BDC4E126B3998600F9E969 /* LandmarksUITests */ = {
			isa = PBXGroup;
			children = (
				55BDC4E226B3998600F9E969 /* LandmarksUITests.swift */,
				55BDC4E426B3998600F9E969 /* Info.plist */,
			);
			path = LandmarksUITests;
			sourceTree = "<group>";
		};
		55BDC4FA26B3AF2200F9E969 /* Views */ = {
			isa = PBXGroup;
			children = (
				55BDC4C726B3998000F9E969 /* ContentView.swift */,
				55BDC50826BB745B00F9E969 /* Helpers */,
				55BDC50726BB743300F9E969 /* LandMarks */,
			);
			path = Views;
			sourceTree = "<group>";
		};
		55BDC4FB26B3AF6B00F9E969 /* Model */ = {
			isa = PBXGroup;
			children = (
				55BDC4F626B3A5A300F9E969 /* Landmark.swift */,
				55BDC4F826B3A7D200F9E969 /* ModelData.swift */,
			);
			path = Model;
			sourceTree = "<group>";
		};
		55BDC4FC26B3AFA000F9E969 /* Resources */ = {
			isa = PBXGroup;
			children = (
				55BDC4F426B3A55000F9E969 /* landmarkData.json */,
			);
			path = Resources;
			sourceTree = "<group>";
		};
		55BDC50726BB743300F9E969 /* LandMarks */ = {
			isa = PBXGroup;
			children = (
				55BDC4FD26B3AFE300F9E969 /* LandmarkRow.swift */,
				55BDC4FF26B3B1B200F9E969 /* LandmarkList.swift */,
				55BDC50326B3B39300F9E969 /* LandmarkDetail.swift */,
			);
			path = LandMarks;
			sourceTree = "<group>";
		};
		55BDC50826BB745B00F9E969 /* Helpers */ = {
			isa = PBXGroup;
			children = (
				55BDC4F026B39D2000F9E969 /* CircleImage.swift */,
				55BDC4F226B39DF600F9E969 /* MapView.swift */,
				55BDC50526BB71A300F9E969 /* FavoriteButton.swift */,
			);
			path = Helpers;
			sourceTree = "<group>";
		};
/* End PBXGroup section */

/* Begin PBXNativeTarget section */
		55BDC4C126B3998000F9E969 /* Landmarks */ = {
			isa = PBXNativeTarget;
			buildConfigurationList = 55BDC4E726B3998600F9E969 /* Build configuration list for PBXNativeTarget "Landmarks" */;
			buildPhases = (
				55BDC4BE26B3998000F9E969 /* Sources */,
				55BDC4BF26B3998000F9E969 /* Frameworks */,
				55BDC4C026B3998000F9E969 /* Resources */,
			);
			buildRules = (
			);
			dependencies = (
			);
			name = Landmarks;
			productName = Landmarks;
			productReference = 55BDC4C226B3998000F9E969 /* Landmarks.app */;
			productType = "com.apple.product-type.application";
		};
		55BDC4D226B3998600F9E969 /* LandmarksTests */ = {
			isa = PBXNativeTarget;
			buildConfigurationList = 55BDC4EA26B3998600F9E969 /* Build configuration list for PBXNativeTarget "LandmarksTests" */;
			buildPhases = (
				55BDC4CF26B3998600F9E969 /* Sources */,
				55BDC4D026B3998600F9E969 /* Frameworks */,
				55BDC4D126B3998600F9E969 /* Resources */,
			);
			buildRules = (
			);
			dependencies = (
				55BDC4D526B3998600F9E969 /* PBXTargetDependency */,
			);
			name = LandmarksTests;
			productName = LandmarksTests;
			productReference = 55BDC4D326B3998600F9E969 /* LandmarksTests.xctest */;
			productType = "com.apple.product-type.bundle.unit-test";
		};
		55BDC4DD26B3998600F9E969 /* LandmarksUITests */ = {
			isa = PBXNativeTarget;
			buildConfigurationList = 55BDC4ED26B3998600F9E969 /* Build configuration list for PBXNativeTarget "LandmarksUITests" */;
			buildPhases = (
				55BDC4DA26B3998600F9E969 /* Sources */,
				55BDC4DB26B3998600F9E969 /* Frameworks */,
				55BDC4DC26B3998600F9E969 /* Resources */,
			);
			buildRules = (
			);
			dependencies = (
				55BDC4E026B3998600F9E969 /* PBXTargetDependency */,
			);
			name = LandmarksUITests;
			productName = LandmarksUITests;
			productReference = 55BDC4DE26B3998600F9E969 /* LandmarksUITests.xctest */;
			productType = "com.apple.product-type.bundle.ui-testing";
		};
/* End PBXNativeTarget section */

/* Begin PBXProject section */
		55BDC4BA26B3998000F9E969 /* Project object */ = {
			isa = PBXProject;
			attributes = {
				LastSwiftUpdateCheck = 1250;
				LastUpgradeCheck = 1250;
				TargetAttributes = {
					55BDC4C126B3998000F9E969 = {
						CreatedOnToolsVersion = 12.5.1;
					};
					55BDC4D226B3998600F9E969 = {
						CreatedOnToolsVersion = 12.5.1;
						TestTargetID = 55BDC4C126B3998000F9E969;
					};
					55BDC4DD26B3998600F9E969 = {
						CreatedOnToolsVersion = 12.5.1;
						TestTargetID = 55BDC4C126B3998000F9E969;
					};
				};
			};
			buildConfigurationList = 55BDC4BD26B3998000F9E969 /* Build configuration list for PBXProject "Landmarks" */;
			compatibilityVersion = "Xcode 9.3";
			developmentRegion = en;
			hasScannedForEncodings = 0;
			knownRegions = (
				en,
				Base,
			);
			mainGroup = 55BDC4B926B3998000F9E969;
			productRefGroup = 55BDC4C326B3998000F9E969 /* Products */;
			projectDirPath = "";
			projectRoot = "";
			targets = (
				55BDC4C126B3998000F9E969 /* Landmarks */,
				55BDC4D226B3998600F9E969 /* LandmarksTests */,
				55BDC4DD26B3998600F9E969 /* LandmarksUITests */,
			);
		};
/* End PBXProject section */

/* Begin PBXResourcesBuildPhase section */
		55BDC4C026B3998000F9E969 /* Resources */ = {
			isa = PBXResourcesBuildPhase;
			buildActionMask = 2147483647;
			files = (
				55BDC4CD26B3998500F9E969 /* Preview Assets.xcassets in Resources */,
				55BDC4CA26B3998500F9E969 /* Assets.xcassets in Resources */,
				55BDC4F526B3A55000F9E969 /* landmarkData.json in Resources */,
			);
			runOnlyForDeploymentPostprocessing = 0;
		};
		55BDC4D126B3998600F9E969 /* Resources */ = {
			isa = PBXResourcesBuildPhase;
			buildActionMask = 2147483647;
			files = (
			);
			runOnlyForDeploymentPostprocessing = 0;
		};
		55BDC4DC26B3998600F9E969 /* Resources */ = {
			isa = PBXResourcesBuildPhase;
			buildActionMask = 2147483647;
			files = (
			);
			runOnlyForDeploymentPostprocessing = 0;
		};
/* End PBXResourcesBuildPhase section */

/* Begin PBXSourcesBuildPhase section */
		55BDC4BE26B3998000F9E969 /* Sources */ = {
			isa = PBXSourcesBuildPhase;
			buildActionMask = 2147483647;
			files = (
				55BDC4C826B3998000F9E969 /* ContentView.swift in Sources */,
				55BDC4F326B39DF600F9E969 /* MapView.swift in Sources */,
				55BDC4C626B3998000F9E969 /* LandmarksApp.swift in Sources */,
				55BDC50626BB71A300F9E969 /* FavoriteButton.swift in Sources */,
				55BDC50026B3B1B200F9E969 /* LandmarkList.swift in Sources */,
				55BDC50426B3B39300F9E969 /* LandmarkDetail.swift in Sources */,
				55BDC4F126B39D2000F9E969 /* CircleImage.swift in Sources */,
				55BDC4F726B3A5A300F9E969 /* Landmark.swift in Sources */,
				55BDC4FE26B3AFE300F9E969 /* LandmarkRow.swift in Sources */,
				55BDC4F926B3A7D200F9E969 /* ModelData.swift in Sources */,
			);
			runOnlyForDeploymentPostprocessing = 0;
		};
		55BDC4CF26B3998600F9E969 /* Sources */ = {
			isa = PBXSourcesBuildPhase;
			buildActionMask = 2147483647;
			files = (
				55BDC4D826B3998600F9E969 /* LandmarksTests.swift in Sources */,
			);
			runOnlyForDeploymentPostprocessing = 0;
		};
		55BDC4DA26B3998600F9E969 /* Sources */ = {
			isa = PBXSourcesBuildPhase;
			buildActionMask = 2147483647;
			files = (
				55BDC4E326B3998600F9E969 /* LandmarksUITests.swift in Sources */,
			);
			runOnlyForDeploymentPostprocessing = 0;
		};
/* End PBXSourcesBuildPhase section */

/* Begin PBXTargetDependency section */
		55BDC4D526B3998600F9E969 /* PBXTargetDependency */ = {
			isa = PBXTargetDependency;
			target = 55BDC4C126B3998000F9E969 /* Landmarks */;
			targetProxy = 55BDC4D426B3998600F9E969 /* PBXContainerItemProxy */;
		};
		55BDC4E026B3998600F9E969 /* PBXTargetDependency */ = {
			isa = PBXTargetDependency;
			target = 55BDC4C126B3998000F9E969 /* Landmarks */;
			targetProxy = 55BDC4DF26B3998600F9E969 /* PBXContainerItemProxy */;
		};
/* End PBXTargetDependency section */

/* Begin XCBuildConfiguration section */
		55BDC4E526B3998600F9E969 /* Debug */ = {
			isa = XCBuildConfiguration;
			buildSettings = {
				ALWAYS_SEARCH_USER_PATHS = NO;
				CLANG_ANALYZER_NONNULL = YES;
				CLANG_ANALYZER_NUMBER_OBJECT_CONVERSION = YES_AGGRESSIVE;
				CLANG_CXX_LANGUAGE_STANDARD = "gnu++14";
				CLANG_CXX_LIBRARY = "libc++";
				CLANG_ENABLE_MODULES = YES;
				CLANG_ENABLE_OBJC_ARC = YES;
				CLANG_ENABLE_OBJC_WEAK = YES;
				CLANG_WARN_BLOCK_CAPTURE_AUTORELEASING = YES;
				CLANG_WARN_BOOL_CONVERSION = YES;
				CLANG_WARN_COMMA = YES;
				CLANG_WARN_CONSTANT_CONVERSION = YES;
				CLANG_WARN_DEPRECATED_OBJC_IMPLEMENTATIONS = YES;
				CLANG_WARN_DIRECT_OBJC_ISA_USAGE = YES_ERROR;
				CLANG_WARN_DOCUMENTATION_COMMENTS = YES;
				CLANG_WARN_EMPTY_BODY = YES;
				CLANG_WARN_ENUM_CONVERSION = YES;
				CLANG_WARN_INFINITE_RECURSION = YES;
				CLANG_WARN_INT_CONVERSION = YES;
				CLANG_WARN_NON_LITERAL_NULL_CONVERSION = YES;
				CLANG_WARN_OBJC_IMPLICIT_RETAIN_SELF = YES;
				CLANG_WARN_OBJC_LITERAL_CONVERSION = YES;
				CLANG_WARN_OBJC_ROOT_CLASS = YES_ERROR;
				CLANG_WARN_QUOTED_INCLUDE_IN_FRAMEWORK_HEADER = YES;
				CLANG_WARN_RANGE_LOOP_ANALYSIS = YES;
				CLANG_WARN_STRICT_PROTOTYPES = YES;
				CLANG_WARN_SUSPICIOUS_MOVE = YES;
				CLANG_WARN_UNGUARDED_AVAILABILITY = YES_AGGRESSIVE;
				CLANG_WARN_UNREACHABLE_CODE = YES;
				CLANG_WARN__DUPLICATE_METHOD_MATCH = YES;
				COPY_PHASE_STRIP = NO;
				DEBUG_INFORMATION_FORMAT = dwarf;
				ENABLE_STRICT_OBJC_MSGSEND = YES;
				ENABLE_TESTABILITY = YES;
				GCC_C_LANGUAGE_STANDARD = gnu11;
				GCC_DYNAMIC_NO_PIC = NO;
				GCC_NO_COMMON_BLOCKS = YES;
				GCC_OPTIMIZATION_LEVEL = 0;
				GCC_PREPROCESSOR_DEFINITIONS = (
					"DEBUG=1",
					"$(inherited)",
				);
				GCC_WARN_64_TO_32_BIT_CONVERSION = YES;
				GCC_WARN_ABOUT_RETURN_TYPE = YES_ERROR;
				GCC_WARN_UNDECLARED_SELECTOR = YES;
				GCC_WARN_UNINITIALIZED_AUTOS = YES_AGGRESSIVE;
				GCC_WARN_UNUSED_FUNCTION = YES;
				GCC_WARN_UNUSED_VARIABLE = YES;
				IPHONEOS_DEPLOYMENT_TARGET = 14.5;
				MTL_ENABLE_DEBUG_INFO = INCLUDE_SOURCE;
				MTL_FAST_MATH = YES;
				ONLY_ACTIVE_ARCH = YES;
				SDKROOT = iphoneos;
				SWIFT_ACTIVE_COMPILATION_CONDITIONS = DEBUG;
				SWIFT_OPTIMIZATION_LEVEL = "-Onone";
			};
			name = Debug;
		};
		55BDC4E626B3998600F9E969 /* Release */ = {
			isa = XCBuildConfiguration;
			buildSettings = {
				ALWAYS_SEARCH_USER_PATHS = NO;
				CLANG_ANALYZER_NONNULL = YES;
				CLANG_ANALYZER_NUMBER_OBJECT_CONVERSION = YES_AGGRESSIVE;
				CLANG_CXX_LANGUAGE_STANDARD = "gnu++14";
				CLANG_CXX_LIBRARY = "libc++";
				CLANG_ENABLE_MODULES = YES;
				CLANG_ENABLE_OBJC_ARC = YES;
				CLANG_ENABLE_OBJC_WEAK = YES;
				CLANG_WARN_BLOCK_CAPTURE_AUTORELEASING = YES;
				CLANG_WARN_BOOL_CONVERSION = YES;
				CLANG_WARN_COMMA = YES;
				CLANG_WARN_CONSTANT_CONVERSION = YES;
				CLANG_WARN_DEPRECATED_OBJC_IMPLEMENTATIONS = YES;
				CLANG_WARN_DIRECT_OBJC_ISA_USAGE = YES_ERROR;
				CLANG_WARN_DOCUMENTATION_COMMENTS = YES;
				CLANG_WARN_EMPTY_BODY = YES;
				CLANG_WARN_ENUM_CONVERSION = YES;
				CLANG_WARN_INFINITE_RECURSION = YES;
				CLANG_WARN_INT_CONVERSION = YES;
				CLANG_WARN_NON_LITERAL_NULL_CONVERSION = YES;
				CLANG_WARN_OBJC_IMPLICIT_RETAIN_SELF = YES;
				CLANG_WARN_OBJC_LITERAL_CONVERSION = YES;
				CLANG_WARN_OBJC_ROOT_CLASS = YES_ERROR;
				CLANG_WARN_QUOTED_INCLUDE_IN_FRAMEWORK_HEADER = YES;
				CLANG_WARN_RANGE_LOOP_ANALYSIS = YES;
				CLANG_WARN_STRICT_PROTOTYPES = YES;
				CLANG_WARN_SUSPICIOUS_MOVE = YES;
				CLANG_WARN_UNGUARDED_AVAILABILITY = YES_AGGRESSIVE;
				CLANG_WARN_UNREACHABLE_CODE = YES;
				CLANG_WARN__DUPLICATE_METHOD_MATCH = YES;
				COPY_PHASE_STRIP = NO;
				DEBUG_INFORMATION_FORMAT = "dwarf-with-dsym";
				ENABLE_NS_ASSERTIONS = NO;
				ENABLE_STRICT_OBJC_MSGSEND = YES;
				GCC_C_LANGUAGE_STANDARD = gnu11;
				GCC_NO_COMMON_BLOCKS = YES;
				GCC_WARN_64_TO_32_BIT_CONVERSION = YES;
				GCC_WARN_ABOUT_RETURN_TYPE = YES_ERROR;
				GCC_WARN_UNDECLARED_SELECTOR = YES;
				GCC_WARN_UNINITIALIZED_AUTOS = YES_AGGRESSIVE;
				GCC_WARN_UNUSED_FUNCTION = YES;
				GCC_WARN_UNUSED_VARIABLE = YES;
				IPHONEOS_DEPLOYMENT_TARGET = 14.5;
				MTL_ENABLE_DEBUG_INFO = NO;
				MTL_FAST_MATH = YES;
				SDKROOT = iphoneos;
				SWIFT_COMPILATION_MODE = wholemodule;
				SWIFT_OPTIMIZATION_LEVEL = "-O";
				VALIDATE_PRODUCT = YES;
			};
			name = Release;
		};
		55BDC4E826B3998600F9E969 /* Debug */ = {
			isa = XCBuildConfiguration;
			buildSettings = {
				ASSETCATALOG_COMPILER_APPICON_NAME = AppIcon;
				ASSETCATALOG_COMPILER_GLOBAL_ACCENT_COLOR_NAME = AccentColor;
				CODE_SIGN_STYLE = Automatic;
				DEVELOPMENT_ASSET_PATHS = "\"Landmarks/Preview Content\"";
				DEVELOPMENT_TEAM = 4F7TJPK368;
				ENABLE_PREVIEWS = YES;
				INFOPLIST_FILE = Landmarks/Info.plist;
				IPHONEOS_DEPLOYMENT_TARGET = 14.0;
				LD_RUNPATH_SEARCH_PATHS = (
					"$(inherited)",
					"@executable_path/Frameworks",
				);
				PRODUCT_BUNDLE_IDENTIFIER = lamarrulla.Landmarks;
				PRODUCT_NAME = "$(TARGET_NAME)";
				SWIFT_VERSION = 5.0;
				TARGETED_DEVICE_FAMILY = "1,2";
			};
			name = Debug;
		};
		55BDC4E926B3998600F9E969 /* Release */ = {
			isa = XCBuildConfiguration;
			buildSettings = {
				ASSETCATALOG_COMPILER_APPICON_NAME = AppIcon;
				ASSETCATALOG_COMPILER_GLOBAL_ACCENT_COLOR_NAME = AccentColor;
				CODE_SIGN_STYLE = Automatic;
				DEVELOPMENT_ASSET_PATHS = "\"Landmarks/Preview Content\"";
				DEVELOPMENT_TEAM = 4F7TJPK368;
				ENABLE_PREVIEWS = YES;
				INFOPLIST_FILE = Landmarks/Info.plist;
				IPHONEOS_DEPLOYMENT_TARGET = 14.0;
				LD_RUNPATH_SEARCH_PATHS = (
					"$(inherited)",
					"@executable_path/Frameworks",
				);
				PRODUCT_BUNDLE_IDENTIFIER = lamarrulla.Landmarks;
				PRODUCT_NAME = "$(TARGET_NAME)";
				SWIFT_VERSION = 5.0;
				TARGETED_DEVICE_FAMILY = "1,2";
			};
			name = Release;
		};
		55BDC4EB26B3998600F9E969 /* Debug */ = {
			isa = XCBuildConfiguration;
			buildSettings = {
				ALWAYS_EMBED_SWIFT_STANDARD_LIBRARIES = YES;
				BUNDLE_LOADER = "$(TEST_HOST)";
				CODE_SIGN_STYLE = Automatic;
				DEVELOPMENT_TEAM = 4F7TJPK368;
				INFOPLIST_FILE = LandmarksTests/Info.plist;
				IPHONEOS_DEPLOYMENT_TARGET = 14.0;
				LD_RUNPATH_SEARCH_PATHS = (
					"$(inherited)",
					"@executable_path/Frameworks",
					"@loader_path/Frameworks",
				);
				PRODUCT_BUNDLE_IDENTIFIER = lamarrulla.LandmarksTests;
				PRODUCT_NAME = "$(TARGET_NAME)";
				SWIFT_VERSION = 5.0;
				TARGETED_DEVICE_FAMILY = "1,2";
				TEST_HOST = "$(BUILT_PRODUCTS_DIR)/Landmarks.app/Landmarks";
			};
			name = Debug;
		};
		55BDC4EC26B3998600F9E969 /* Release */ = {
			isa = XCBuildConfiguration;
			buildSettings = {
				ALWAYS_EMBED_SWIFT_STANDARD_LIBRARIES = YES;
				BUNDLE_LOADER = "$(TEST_HOST)";
				CODE_SIGN_STYLE = Automatic;
				DEVELOPMENT_TEAM = 4F7TJPK368;
				INFOPLIST_FILE = LandmarksTests/Info.plist;
				IPHONEOS_DEPLOYMENT_TARGET = 14.0;
				LD_RUNPATH_SEARCH_PATHS = (
					"$(inherited)",
					"@executable_path/Frameworks",
					"@loader_path/Frameworks",
				);
				PRODUCT_BUNDLE_IDENTIFIER = lamarrulla.LandmarksTests;
				PRODUCT_NAME = "$(TARGET_NAME)";
				SWIFT_VERSION = 5.0;
				TARGETED_DEVICE_FAMILY = "1,2";
				TEST_HOST = "$(BUILT_PRODUCTS_DIR)/Landmarks.app/Landmarks";
			};
			name = Release;
		};
		55BDC4EE26B3998600F9E969 /* Debug */ = {
			isa = XCBuildConfiguration;
			buildSettings = {
				ALWAYS_EMBED_SWIFT_STANDARD_LIBRARIES = YES;
				CODE_SIGN_STYLE = Automatic;
				DEVELOPMENT_TEAM = 4F7TJPK368;
				INFOPLIST_FILE = LandmarksUITests/Info.plist;
				LD_RUNPATH_SEARCH_PATHS = (
					"$(inherited)",
					"@executable_path/Frameworks",
					"@loader_path/Frameworks",
				);
				PRODUCT_BUNDLE_IDENTIFIER = lamarrulla.LandmarksUITests;
				PRODUCT_NAME = "$(TARGET_NAME)";
				SWIFT_VERSION = 5.0;
				TARGETED_DEVICE_FAMILY = "1,2";
				TEST_TARGET_NAME = Landmarks;
			};
			name = Debug;
		};
		55BDC4EF26B3998600F9E969 /* Release */ = {
			isa = XCBuildConfiguration;
			buildSettings = {
				ALWAYS_EMBED_SWIFT_STANDARD_LIBRARIES = YES;
				CODE_SIGN_STYLE = Automatic;
				DEVELOPMENT_TEAM = 4F7TJPK368;
				INFOPLIST_FILE = LandmarksUITests/Info.plist;
				LD_RUNPATH_SEARCH_PATHS = (
					"$(inherited)",
					"@executable_path/Frameworks",
					"@loader_path/Frameworks",
				);
				PRODUCT_BUNDLE_IDENTIFIER = lamarrulla.LandmarksUITests;
				PRODUCT_NAME = "$(TARGET_NAME)";
				SWIFT_VERSION = 5.0;
				TARGETED_DEVICE_FAMILY = "1,2";
				TEST_TARGET_NAME = Landmarks;
			};
			name = Release;
		};
/* End XCBuildConfiguration section */

/* Begin XCConfigurationList section */
		55BDC4BD26B3998000F9E969 /* Build configuration list for PBXProject "Landmarks" */ = {
			isa = XCConfigurationList;
			buildConfigurations = (
				55BDC4E526B3998600F9E969 /* Debug */,
				55BDC4E626B3998600F9E969 /* Release */,
			);
			defaultConfigurationIsVisible = 0;
			defaultConfigurationName = Release;
		};
		55BDC4E726B3998600F9E969 /* Build configuration list for PBXNativeTarget "Landmarks" */ = {
			isa = XCConfigurationList;
			buildConfigurations = (
				55BDC4E826B3998600F9E969 /* Debug */,
				55BDC4E926B3998600F9E969 /* Release */,
			);
			defaultConfigurationIsVisible = 0;
			defaultConfigurationName = Release;
		};
		55BDC4EA26B3998600F9E969 /* Build configuration list for PBXNativeTarget "LandmarksTests" */ = {
			isa = XCConfigurationList;
			buildConfigurations = (
				55BDC4EB26B3998600F9E969 /* Debug */,
				55BDC4EC26B3998600F9E969 /* Release */,
			);
			defaultConfigurationIsVisible = 0;
			defaultConfigurationName = Release;
		};
		55BDC4ED26B3998600F9E969 /* Build configuration list for PBXNativeTarget "LandmarksUITests" */ = {
			isa = XCConfigurationList;
			buildConfigurations = (
				55BDC4EE26B3998600F9E969 /* Debug */,
				55BDC4EF26B3998600F9E969 /* Release */,
			);
			defaultConfigurationIsVisible = 0;
			defaultConfigurationName = Release;
		};
/* End XCConfigurationList section */
	};
	rootObject = 55BDC4BA26B3998000F9E969 /* Project object */;
}
